
Microsoft Visual Studio Solution File, Format Version 12.00
# Visual Studio Version 16
VisualStudioVersion = 16.0.30907.101
MinimumVisualStudioVersion = 10.0.40219.1
Project("{FAE04EC0-301F-11D3-BF4B-00C04F79EFBC}") = "AkayGame", "AkayGame\AkayGame.csproj", "{A92B8E22-4603-419A-BA43-4EF7EE2312F1}"
EndProject
Global
	GlobalSection(SolutionConfigurationPlatforms) = preSolution
		Debug|Any CPU = Debug|Any CPU
		Release|Any CPU = Release|Any CPU
	EndGlobalSection
	GlobalSection(ProjectConfigurationPlatforms) = postSolution
		{A92B8E22-4603-419A-BA43-4EF7EE2312F1}.Debug|Any CPU.ActiveCfg = Debug|Any CPU
		{A92B8E22-4603-419A-BA43-4EF7EE2312F1}.Debug|Any CPU.Build.0 = Debug|Any CPU
		{A92B8E22-4603-419A-BA43-4EF7EE2312F1}.Release|Any CPU.ActiveCfg = Release|Any CPU
		{A92B8E22-4603-419A-BA43-4EF7EE2312F1}.Release|Any CPU.Build.0 = Release|Any CPU
	EndGlobalSection
	GlobalSection(SolutionProperties) = preSolution
		HideSolutionNode = FALSE
	EndGlobalSection
	GlobalSection(ExtensibilityGlobals) = postSolution
		SolutionGuid = {193118E1-521F-412C-ADE3-ABC845C4E4B1}
	EndGlobalSection
EndGlobal
